
Microsoft Visual Studio Solution File, Format Version 12.00
# Visual Studio 14
VisualStudioVersion = 14.0.25123.0
MinimumVisualStudioVersion = 10.0.40219.1
Project("{FAE04EC0-301F-11D3-BF4B-00C04F79EFBC}") = "EmuNES", "EmuNES\EmuNES.csproj", "{2024F253-DE99-411D-B87F-9D96C8D30846}"
EndProject
Project("{FAE04EC0-301F-11D3-BF4B-00C04F79EFBC}") = "NesCore", "NesCore\NesCore.csproj", "{D0BB9378-43C2-4B6D-A13C-CAD4F7739785}"
EndProject
Project("{FAE04EC0-301F-11D3-BF4B-00C04F79EFBC}") = "NesCoreTest", "NesCoreTest\NesCoreTest.csproj", "{5C1FF452-7DEB-4CEA-9956-0B63B10B2A2F}"
EndProject
Project("{2150E333-8FDC-42A3-9474-1A3956D46DE8}") = "Roms", "Roms", "{012C7D28-92C0-49FD-B4A6-D46F85AF4E27}"
	ProjectSection(SolutionItems) = preProject
		Roms\Mega Man 2 (USA).nes = Roms\Mega Man 2 (USA).nes
		Roms\nestest.nes = Roms\nestest.nes
	EndProjectSection
EndProject
Global
	GlobalSection(SolutionConfigurationPlatforms) = preSolution
		Debug|Any CPU = Debug|Any CPU
		Release|Any CPU = Release|Any CPU
	EndGlobalSection
	GlobalSection(ProjectConfigurationPlatforms) = postSolution
		{2024F253-DE99-411D-B87F-9D96C8D30846}.Debug|Any CPU.ActiveCfg = Debug|Any CPU
		{2024F253-DE99-411D-B87F-9D96C8D30846}.Debug|Any CPU.Build.0 = Debug|Any CPU
		{2024F253-DE99-411D-B87F-9D96C8D30846}.Release|Any CPU.ActiveCfg = Release|Any CPU
		{2024F253-DE99-411D-B87F-9D96C8D30846}.Release|Any CPU.Build.0 = Release|Any CPU
		{D0BB9378-43C2-4B6D-A13C-CAD4F7739785}.Debug|Any CPU.ActiveCfg = Debug|Any CPU
		{D0BB9378-43C2-4B6D-A13C-CAD4F7739785}.Debug|Any CPU.Build.0 = Debug|Any CPU
		{D0BB9378-43C2-4B6D-A13C-CAD4F7739785}.Release|Any CPU.ActiveCfg = Release|Any CPU
		{D0BB9378-43C2-4B6D-A13C-CAD4F7739785}.Release|Any CPU.Build.0 = Release|Any CPU
		{5C1FF452-7DEB-4CEA-9956-0B63B10B2A2F}.Debug|Any CPU.ActiveCfg = Debug|Any CPU
		{5C1FF452-7DEB-4CEA-9956-0B63B10B2A2F}.Debug|Any CPU.Build.0 = Debug|Any CPU
		{5C1FF452-7DEB-4CEA-9956-0B63B10B2A2F}.Release|Any CPU.ActiveCfg = Release|Any CPU
		{5C1FF452-7DEB-4CEA-9956-0B63B10B2A2F}.Release|Any CPU.Build.0 = Release|Any CPU
	EndGlobalSection
	GlobalSection(SolutionProperties) = preSolution
		HideSolutionNode = FALSE
	EndGlobalSection
EndGlobal
